
Microsoft Visual Studio Solution File, Format Version 12.00
# Visual Studio Version 17
VisualStudioVersion = 17.5.002.0
MinimumVisualStudioVersion = 10.0.40219.1
Project("{9A19103F-16F7-4668-BE54-9A1E7A4F7556}") = "BenefitsManager.Backend.Bff.Api", "BenefitsManager.Backend.Bff.Api\BenefitsManager.Backend.Bff.Api.csproj", "{EBB23A97-5CEE-432A-BB01-6BB2DD08F69C}"
EndProject
Project("{FAE04EC0-301F-11D3-BF4B-00C04F79EFBC}") = "BenefitsManager.Frontend.WebPortal.Ui", "BenefitsManager.Frontend.WebPortal.Ui\BenefitsManager.Frontend.WebPortal.Ui.csproj", "{AAC361FC-2BEB-4F49-A5BE-AE9E9BB63AB5}"
EndProject
Project("{FAE04EC0-301F-11D3-BF4B-00C04F79EFBC}") = "BenefitsManager.Common.Models", "BenefitsManager.Common.Models\BenefitsManager.Common.Models.csproj", "{52B3A15C-AF69-41C8-95E9-0C4EA79B002E}"
EndProject
Global
	GlobalSection(SolutionConfigurationPlatforms) = preSolution
		Debug|Any CPU = Debug|Any CPU
		Release|Any CPU = Release|Any CPU
	EndGlobalSection
	GlobalSection(ProjectConfigurationPlatforms) = postSolution
		{EBB23A97-5CEE-432A-BB01-6BB2DD08F69C}.Debug|Any CPU.ActiveCfg = Debug|Any CPU
		{EBB23A97-5CEE-432A-BB01-6BB2DD08F69C}.Debug|Any CPU.Build.0 = Debug|Any CPU
		{EBB23A97-5CEE-432A-BB01-6BB2DD08F69C}.Release|Any CPU.ActiveCfg = Release|Any CPU
		{EBB23A97-5CEE-432A-BB01-6BB2DD08F69C}.Release|Any CPU.Build.0 = Release|Any CPU
		{AAC361FC-2BEB-4F49-A5BE-AE9E9BB63AB5}.Debug|Any CPU.ActiveCfg = Debug|Any CPU
		{AAC361FC-2BEB-4F49-A5BE-AE9E9BB63AB5}.Debug|Any CPU.Build.0 = Debug|Any CPU
		{AAC361FC-2BEB-4F49-A5BE-AE9E9BB63AB5}.Release|Any CPU.ActiveCfg = Release|Any CPU
		{AAC361FC-2BEB-4F49-A5BE-AE9E9BB63AB5}.Release|Any CPU.Build.0 = Release|Any CPU
		{52B3A15C-AF69-41C8-95E9-0C4EA79B002E}.Debug|Any CPU.ActiveCfg = Debug|Any CPU
		{52B3A15C-AF69-41C8-95E9-0C4EA79B002E}.Debug|Any CPU.Build.0 = Debug|Any CPU
		{52B3A15C-AF69-41C8-95E9-0C4EA79B002E}.Release|Any CPU.ActiveCfg = Release|Any CPU
		{52B3A15C-AF69-41C8-95E9-0C4EA79B002E}.Release|Any CPU.Build.0 = Release|Any CPU
	EndGlobalSection
	GlobalSection(SolutionProperties) = preSolution
		HideSolutionNode = FALSE
	EndGlobalSection
	GlobalSection(ExtensibilityGlobals) = postSolution
		SolutionGuid = {CDD78682-BF2B-4BD8-8CA2-46E8146AA504}
	EndGlobalSection
EndGlobal
